<?xml version="1.0" encoding="utf-8"?>
<Project ToolsVersion="4.0" xmlns="http://schemas.microsoft.com/developer/msbuild/2003">
  <ItemGroup>
    <Filter Include="Source Files">
      <UniqueIdentifier>{4FC737F1-C7A5-4376-A066-2A32D752A2FF}</UniqueIdentifier>
      <Extensions>cpp;c;cc;cxx;def;odl;idl;hpj;bat;asm;asmx</Extensions>
    </Filter>
    <Filter Include="Header Files">
      <UniqueIdentifier>{93995380-89BD-4b04-88EB-625FBE52EBFB}</UniqueIdentifier>
      <Extensions>h;hh;hpp;hxx;hm;inl;inc;ipp;xsd</Extensions>
    </Filter>
    <Filter Include="Resource Files">
      <UniqueIdentifier>{67DA6AB6-F800-4c08-8B7A-83BB121AAD01}</UniqueIdentifier>
      <Extensions>rc;ico;cur;bmp;dlg;rc2;rct;bin;rgs;gif;jpg;jpeg;jpe;resx;tiff;tif;png;wav;mfcribbon-ms</Extensions>
    </Filter>
    <Filter Include="Header Files\math">
      <UniqueIdentifier>{0d7e899f-b32b-48f8-98a1-68194664a7af}</UniqueIdentifier>
    </Filter>
    <Filter Include="Source Files\math">
      <UniqueIdentifier>{6c73b8b9-a88f-478a-bc5b-a6ba14f4a35d}</UniqueIdentifier>
    </Filter>
    <Filter Include="Header Files\geometry">
      <UniqueIdentifier>{6707f0ea-38ef-440c-88d8-bb914353aa5f}</UniqueIdentifier>
    </Filter>
    <Filter Include="Source Files\geometry">
      <UniqueIdentifier>{6b3d8926-0e87-4f20-9457-7b446654b182}</UniqueIdentifier>
    </Filter>
    <Filter Include="Header Files\memory-management">
      <UniqueIdentifier>{786f3a1a-3d07-4a6d-9a78-8e3d039d0f15}</UniqueIdentifier>
    </Filter>
    <Filter Include="Source Files\memory-management">
      <UniqueIdentifier>{f92ffb69-ec47-4b0f-8290-c9444724b8ab}</UniqueIdentifier>
    </Filter>
    <Filter Include="Header Files\simulator">
      <UniqueIdentifier>{4a9087a7-e651-4ac0-8d16-eaa056e9b75c}</UniqueIdentifier>
    </Filter>
    <Filter Include="Source Files\simulator">
      <UniqueIdentifier>{d002ebc7-fb60-4767-ad16-d81ad52c6b8f}</UniqueIdentifier>
    </Filter>
    <Filter Include="Header Files\piranha">
      <UniqueIdentifier>{a620fd2a-ae1e-48bc-8c8e-d8163ad5c55e}</UniqueIdentifier>
    </Filter>
    <Filter Include="Source Files\piranha">
      <UniqueIdentifier>{700eae08-b99a-48c6-b869-a72ad400fd51}</UniqueIdentifier>
    </Filter>
    <Filter Include="Header Files\drone">
      <UniqueIdentifier>{3af004e1-8a2e-4faf-8cc7-d1c79e1163d8}</UniqueIdentifier>
    </Filter>
    <Filter Include="Source Files\drone">
      <UniqueIdentifier>{8df89db8-6a1c-4b1e-be8a-4262017f2c59}</UniqueIdentifier>
    </Filter>
    <Filter Include="Header Files\ai">
      <UniqueIdentifier>{0506c9fb-0b6f-4e6e-972d-7b7fdc989e1a}</UniqueIdentifier>
    </Filter>
    <Filter Include="Source Files\ai">
      <UniqueIdentifier>{49da1735-7603-40d0-ba70-c0409e20310b}</UniqueIdentifier>
    </Filter>
  </ItemGroup>
  <ItemGroup>
    <ClCompile Include="..\..\src\math.cpp">
      <Filter>Source Files\math</Filter>
    </ClCompile>
    <ClCompile Include="..\..\src\float_simd.cpp">
      <Filter>Source Files\math</Filter>
    </ClCompile>
    <ClCompile Include="..\..\src\math_single.cpp">
      <Filter>Source Files\math</Filter>
    </ClCompile>
    <ClCompile Include="..\..\src\standard_allocator.cpp">
      <Filter>Source Files\memory-management</Filter>
    </ClCompile>
    <ClCompile Include="..\..\src\obj_file_loader.cpp">
      <Filter>Source Files\geometry</Filter>
    </ClCompile>
    <ClCompile Include="..\..\src\mesh.cpp">
      <Filter>Source Files\geometry</Filter>
    </ClCompile>
    <ClCompile Include="..\..\src\obj_file_writer.cpp">
      <Filter>Source Files\geometry</Filter>
    </ClCompile>
    <ClCompile Include="..\..\src\mesh_instance.cpp">
      <Filter>Source Files\geometry</Filter>
    </ClCompile>
    <ClCompile Include="..\..\src\scene.cpp">
      <Filter>Source Files\geometry</Filter>
    </ClCompile>
    <ClCompile Include="..\..\src\simulator.cpp">
      <Filter>Source Files\simulator</Filter>
    </ClCompile>
    <ClCompile Include="..\..\include\simulation_object.cpp">
      <Filter>Source Files\simulator</Filter>
    </ClCompile>
    <ClCompile Include="..\..\src\language_rules.cpp">
      <Filter>Source Files\piranha</Filter>
    </ClCompile>
    <ClCompile Include="..\..\src\drone.cpp">
      <Filter>Source Files\drone</Filter>
    </ClCompile>
    <ClCompile Include="..\..\src\drone_fsm.cpp">
      <Filter>Source Files\drone</Filter>
    </ClCompile>
    <ClCompile Include="..\..\src\fsm.cpp">
      <Filter>Source Files\ai</Filter>
    </ClCompile>
    <ClCompile Include="..\..\src\fsm_state.cpp">
      <Filter>Source Files\ai</Filter>
    </ClCompile>
  </ItemGroup>
  <ItemGroup>
    <ClInclude Include="..\..\include\math.h">
      <Filter>Header Files\math</Filter>
    </ClInclude>
    <ClInclude Include="..\..\include\math_conf.h">
      <Filter>Header Files\math</Filter>
    </ClInclude>
    <ClInclude Include="..\..\include\math_single.h">
      <Filter>Header Files\math</Filter>
    </ClInclude>
    <ClInclude Include="..\..\include\real.h">
      <Filter>Header Files\math</Filter>
    </ClInclude>
    <ClInclude Include="..\..\include\float_simd.h">
      <Filter>Header Files\math</Filter>
    </ClInclude>
    <ClInclude Include="..\..\include\obj_file_loader.h">
      <Filter>Header Files\geometry</Filter>
    </ClInclude>
    <ClInclude Include="..\..\include\memory_management.h">
      <Filter>Header Files\memory-management</Filter>
    </ClInclude>
    <ClInclude Include="..\..\include\standard_allocator.h">
      <Filter>Header Files\memory-management</Filter>
    </ClInclude>
    <ClInclude Include="..\..\include\obj_file_writer.h">
      <Filter>Header Files\geometry</Filter>
    </ClInclude>
    <ClInclude Include="..\..\include\mesh.h">
      <Filter>Header Files\geometry</Filter>
    </ClInclude>
    <ClInclude Include="..\..\include\mesh_instance.h">
      <Filter>Header Files\geometry</Filter>
    </ClInclude>
    <ClInclude Include="..\..\include\scene.h">
      <Filter>Header Files\geometry</Filter>
    </ClInclude>
    <ClInclude Include="..\..\include\simulator.h">
      <Filter>Header Files\simulator</Filter>
    </ClInclude>
    <ClInclude Include="..\..\include\simulation_object.h">
      <Filter>Header Files\simulator</Filter>
    </ClInclude>
    <ClInclude Include="..\..\include\language_rules.h">
      <Filter>Header Files\piranha</Filter>
    </ClInclude>
    <ClInclude Include="..\..\include\drone.h">
      <Filter>Header Files\drone</Filter>
    </ClInclude>
    <ClInclude Include="..\..\include\drone_fsm.h">
      <Filter>Header Files\drone</Filter>
    </ClInclude>
    <ClInclude Include="..\..\include\fsm.h">
      <Filter>Header Files\ai</Filter>
    </ClInclude>
    <ClInclude Include="..\..\include\fsm_state.h">
      <Filter>Header Files\ai</Filter>
    </ClInclude>
  </ItemGroup>
</Project>